
Microsoft Visual Studio Solution File, Format Version 12.00
# Visual Studio Version 16
VisualStudioVersion = 16.0.30413.136
MinimumVisualStudioVersion = 10.0.40219.1
Project("{FAE04EC0-301F-11D3-BF4B-00C04F79EFBC}") = "Lab5.4", "Lab5.4.csproj", "{D94D5E16-2305-4747-802C-F4DC0C353EA5}"
EndProject
Project("{FAE04EC0-301F-11D3-BF4B-00C04F79EFBC}") = "Negocio", "..\Negocio\Negocio.csproj", "{A25C75E5-B2C0-42C9-B119-5AF89F746B80}"
EndProject
Global
	GlobalSection(SolutionConfigurationPlatforms) = preSolution
		Debug|Any CPU = Debug|Any CPU
		Release|Any CPU = Release|Any CPU
	EndGlobalSection
	GlobalSection(ProjectConfigurationPlatforms) = postSolution
		{D94D5E16-2305-4747-802C-F4DC0C353EA5}.Debug|Any CPU.ActiveCfg = Debug|Any CPU
		{D94D5E16-2305-4747-802C-F4DC0C353EA5}.Debug|Any CPU.Build.0 = Debug|Any CPU
		{D94D5E16-2305-4747-802C-F4DC0C353EA5}.Release|Any CPU.ActiveCfg = Release|Any CPU
		{D94D5E16-2305-4747-802C-F4DC0C353EA5}.Release|Any CPU.Build.0 = Release|Any CPU
		{A25C75E5-B2C0-42C9-B119-5AF89F746B80}.Debug|Any CPU.ActiveCfg = Debug|Any CPU
		{A25C75E5-B2C0-42C9-B119-5AF89F746B80}.Debug|Any CPU.Build.0 = Debug|Any CPU
		{A25C75E5-B2C0-42C9-B119-5AF89F746B80}.Release|Any CPU.ActiveCfg = Release|Any CPU
		{A25C75E5-B2C0-42C9-B119-5AF89F746B80}.Release|Any CPU.Build.0 = Release|Any CPU
	EndGlobalSection
	GlobalSection(SolutionProperties) = preSolution
		HideSolutionNode = FALSE
	EndGlobalSection
	GlobalSection(ExtensibilityGlobals) = postSolution
		SolutionGuid = {827A1610-99DC-4F8E-986D-CB68AE53EEC6}
	EndGlobalSection
EndGlobal
